
Microsoft Visual Studio Solution File, Format Version 12.00
# Visual Studio 15
VisualStudioVersion = 15.0.28307.106
MinimumVisualStudioVersion = 10.0.40219.1
Project("{FAE04EC0-301F-11D3-BF4B-00C04F79EFBC}") = "Geotik.Route.Api", "Geotik.Route.Api\Geotik.Route.Api.csproj", "{95B6FB2E-2526-401D-B537-13D051063EFF}"
EndProject
Project("{FAE04EC0-301F-11D3-BF4B-00C04F79EFBC}") = "Geotik.Route.Service", "Geotik.Route.Service\Geotik.Route.Service.csproj", "{50479551-8A90-4AED-B253-65DD8125A787}"
EndProject
Project("{FAE04EC0-301F-11D3-BF4B-00C04F79EFBC}") = "Geotik.Route.Repository", "Geotik.Route.Repository\Geotik.Route.Repository.csproj", "{EB8C664E-E11B-4D31-AAA6-D61285FD2CE8}"
EndProject
Global
	GlobalSection(SolutionConfigurationPlatforms) = preSolution
		Debug|Any CPU = Debug|Any CPU
		Release|Any CPU = Release|Any CPU
	EndGlobalSection
	GlobalSection(ProjectConfigurationPlatforms) = postSolution
		{95B6FB2E-2526-401D-B537-13D051063EFF}.Debug|Any CPU.ActiveCfg = Debug|Any CPU
		{95B6FB2E-2526-401D-B537-13D051063EFF}.Debug|Any CPU.Build.0 = Debug|Any CPU
		{95B6FB2E-2526-401D-B537-13D051063EFF}.Release|Any CPU.ActiveCfg = Release|Any CPU
		{95B6FB2E-2526-401D-B537-13D051063EFF}.Release|Any CPU.Build.0 = Release|Any CPU
		{50479551-8A90-4AED-B253-65DD8125A787}.Debug|Any CPU.ActiveCfg = Debug|Any CPU
		{50479551-8A90-4AED-B253-65DD8125A787}.Debug|Any CPU.Build.0 = Debug|Any CPU
		{50479551-8A90-4AED-B253-65DD8125A787}.Release|Any CPU.ActiveCfg = Release|Any CPU
		{50479551-8A90-4AED-B253-65DD8125A787}.Release|Any CPU.Build.0 = Release|Any CPU
		{EB8C664E-E11B-4D31-AAA6-D61285FD2CE8}.Debug|Any CPU.ActiveCfg = Debug|Any CPU
		{EB8C664E-E11B-4D31-AAA6-D61285FD2CE8}.Debug|Any CPU.Build.0 = Debug|Any CPU
		{EB8C664E-E11B-4D31-AAA6-D61285FD2CE8}.Release|Any CPU.ActiveCfg = Release|Any CPU
		{EB8C664E-E11B-4D31-AAA6-D61285FD2CE8}.Release|Any CPU.Build.0 = Release|Any CPU
	EndGlobalSection
	GlobalSection(SolutionProperties) = preSolution
		HideSolutionNode = FALSE
	EndGlobalSection
	GlobalSection(ExtensibilityGlobals) = postSolution
		SolutionGuid = {F73D04EB-B307-4CE9-913E-D90CCE83C30C}
	EndGlobalSection
EndGlobal
